
Microsoft Visual Studio Solution File, Format Version 12.00
# Visual Studio Version 17
VisualStudioVersion = 17.0.31912.275
MinimumVisualStudioVersion = 10.0.40219.1
Project("{FAE04EC0-301F-11D3-BF4B-00C04F79EFBC}") = "TestNetFive", "TestNetFive\TestNetFive.csproj", "{17CC8A7B-E1F6-46A1-ADDD-C90586B3AADD}"
EndProject
Global
	GlobalSection(SolutionConfigurationPlatforms) = preSolution
		Debug|Any CPU = Debug|Any CPU
		Release|Any CPU = Release|Any CPU
	EndGlobalSection
	GlobalSection(ProjectConfigurationPlatforms) = postSolution
		{17CC8A7B-E1F6-46A1-ADDD-C90586B3AADD}.Debug|Any CPU.ActiveCfg = Debug|Any CPU
		{17CC8A7B-E1F6-46A1-ADDD-C90586B3AADD}.Debug|Any CPU.Build.0 = Debug|Any CPU
		{17CC8A7B-E1F6-46A1-ADDD-C90586B3AADD}.Release|Any CPU.ActiveCfg = Release|Any CPU
		{17CC8A7B-E1F6-46A1-ADDD-C90586B3AADD}.Release|Any CPU.Build.0 = Release|Any CPU
	EndGlobalSection
	GlobalSection(SolutionProperties) = preSolution
		HideSolutionNode = FALSE
	EndGlobalSection
	GlobalSection(ExtensibilityGlobals) = postSolution
		SolutionGuid = {497DD67B-4BD3-4F46-9FBB-A4C1466D099B}
	EndGlobalSection
EndGlobal
